
Microsoft Visual Studio Solution File, Format Version 12.00
# Visual Studio Version 16
VisualStudioVersion = 16.0.29409.12
MinimumVisualStudioVersion = 10.0.40219.1
Project("{FAE04EC0-301F-11D3-BF4B-00C04F79EFBC}") = "API_GateWay", "API_GateWay\API_GateWay.csproj", "{C9AF354D-B551-4439-81C3-4FEEC48D880D}"
EndProject
Global
	GlobalSection(SolutionConfigurationPlatforms) = preSolution
		Debug|Any CPU = Debug|Any CPU
		Release|Any CPU = Release|Any CPU
	EndGlobalSection
	GlobalSection(ProjectConfigurationPlatforms) = postSolution
		{C9AF354D-B551-4439-81C3-4FEEC48D880D}.Debug|Any CPU.ActiveCfg = Debug|Any CPU
		{C9AF354D-B551-4439-81C3-4FEEC48D880D}.Debug|Any CPU.Build.0 = Debug|Any CPU
		{C9AF354D-B551-4439-81C3-4FEEC48D880D}.Release|Any CPU.ActiveCfg = Release|Any CPU
		{C9AF354D-B551-4439-81C3-4FEEC48D880D}.Release|Any CPU.Build.0 = Release|Any CPU
	EndGlobalSection
	GlobalSection(SolutionProperties) = preSolution
		HideSolutionNode = FALSE
	EndGlobalSection
	GlobalSection(ExtensibilityGlobals) = postSolution
		SolutionGuid = {175D16DA-EAB2-41D0-888A-EC1CC255B909}
	EndGlobalSection
EndGlobal
